# THIS IS AN AUTOGENERATED FILE. DO NOT EDIT THIS FILE DIRECTLY.
# yarn lockfile v1


"@babel/runtime@^7.17.2":
  version "7.20.6"
  resolved "https://registry.yarnpkg.com/@babel/runtime/-/runtime-7.20.6.tgz#facf4879bfed9b5326326273a64220f099b0fce3"
  integrity sha512-Q+8MqP7TiHMWzSfwiJwXCjyf4GYA4Dgw3emg/7xmwsdLJOZUp+nMqcOwOzzYheuM1rhDu8FSj2l0aoMygEuXuA==
  dependencies:
    regenerator-runtime "^0.13.11"

"@types/i18next-fs-backend@^1.1.2":
  version "1.1.2"
  resolved "https://registry.yarnpkg.com/@types/i18next-fs-backend/-/i18next-fs-backend-1.1.2.tgz#4f3116769229371fcdf64bbdb6841ea745e392f9"
  integrity sha512-ZzTRXA5B0x0oGhzKNp08IsYjZpli4LjRZpg3q4j0XFxN5lKG2MVLnR4yHX8PPExBk4sj9Yfk1z9O6CjPrAlmIQ==
  dependencies:
    i18next "^21.0.1"

i18next@^21.0.1:
  version "21.10.0"
  resolved "https://registry.yarnpkg.com/i18next/-/i18next-21.10.0.tgz#85429af55fdca4858345d0e16b584ec29520197d"
  integrity sha512-YeuIBmFsGjUfO3qBmMOc0rQaun4mIpGKET5WDwvu8lU7gvwpcariZLNtL0Fzj+zazcHUrlXHiptcFhBMFaxzfg==
  dependencies:
    "@babel/runtime" "^7.17.2"

regenerator-runtime@^0.13.11:
  version "0.13.11"
  resolved "https://registry.yarnpkg.com/regenerator-runtime/-/regenerator-runtime-0.13.11.tgz#f6dca3e7ceec20590d07ada785636a90cdca17f9"
  integrity sha512-kY1AZVr2Ra+t+piVaJ4gxaFaReZVH40AKNo7UCX6W+dEwBo/2oZJzqfuN1qLq1oL45o56cPaTXELwrTh8Fpggg==
